
Microsoft Visual Studio Solution File, Format Version 11.00
# Visual Studio 2010
Project("{FAE04EC0-301F-11D3-BF4B-00C04F79EFBC}") = "Assembly-CSharp", "Assembly-CSharp.csproj", "{B0904445-1949-7210-E6A0-B4D44A92A2E6}"
EndProject
Project("{FAE04EC0-301F-11D3-BF4B-00C04F79EFBC}") = "Assembly-CSharp-Editor", "Assembly-CSharp-Editor.csproj", "{7D297B3D-84A9-6E76-35AA-DEADB3ADA89D}"
EndProject
Global
	GlobalSection(SolutionConfigurationPlatforms) = preSolution
		Debug|Any CPU = Debug|Any CPU
		Release|Any CPU = Release|Any CPU
	EndGlobalSection
	GlobalSection(ProjectConfigurationPlatforms) = postSolution
		{B0904445-1949-7210-E6A0-B4D44A92A2E6}.Debug|Any CPU.ActiveCfg = Debug|Any CPU
		{B0904445-1949-7210-E6A0-B4D44A92A2E6}.Debug|Any CPU.Build.0 = Debug|Any CPU
		{B0904445-1949-7210-E6A0-B4D44A92A2E6}.Release|Any CPU.ActiveCfg = Release|Any CPU
		{B0904445-1949-7210-E6A0-B4D44A92A2E6}.Release|Any CPU.Build.0 = Release|Any CPU
		{7D297B3D-84A9-6E76-35AA-DEADB3ADA89D}.Debug|Any CPU.ActiveCfg = Debug|Any CPU
		{7D297B3D-84A9-6E76-35AA-DEADB3ADA89D}.Debug|Any CPU.Build.0 = Debug|Any CPU
		{7D297B3D-84A9-6E76-35AA-DEADB3ADA89D}.Release|Any CPU.ActiveCfg = Release|Any CPU
		{7D297B3D-84A9-6E76-35AA-DEADB3ADA89D}.Release|Any CPU.Build.0 = Release|Any CPU
	EndGlobalSection
	GlobalSection(SolutionProperties) = preSolution
		HideSolutionNode = FALSE
	EndGlobalSection
	GlobalSection(MonoDevelopProperties) = preSolution
		StartupItem = Assembly-CSharp.csproj
	EndGlobalSection
EndGlobal
